
Microsoft Visual Studio Solution File, Format Version 12.00
# Visual Studio 14
VisualStudioVersion = 14.0.25420.1
MinimumVisualStudioVersion = 10.0.40219.1
Project("{FAE04EC0-301F-11D3-BF4B-00C04F79EFBC}") = "XamarinRFID", "XamarinRFID\XamarinRFID\XamarinRFID.csproj", "{4FA995F9-E393-4385-9915-E2DBC1A03C28}"
EndProject
Project("{FAE04EC0-301F-11D3-BF4B-00C04F79EFBC}") = "XamarinRFID.Droid", "XamarinRFID\XamarinRFID.Droid\XamarinRFID.Droid.csproj", "{5441BF3C-5DA9-49E6-A7F9-E667A8F30535}"
EndProject
Project("{FAE04EC0-301F-11D3-BF4B-00C04F79EFBC}") = "XamarinRFID.iOS", "XamarinRFID\XamarinRFID.iOS\XamarinRFID.iOS.csproj", "{C8BB99FD-47B5-40D4-A189-FD8ECCD23276}"
EndProject
Project("{FAE04EC0-301F-11D3-BF4B-00C04F79EFBC}") = "XamarinRFID.WinPhone", "XamarinRFID\XamarinRFID.WinPhone\XamarinRFID.WinPhone.csproj", "{5A188689-7E2F-41F7-B1BC-0FD0543D4CA9}"
EndProject
Project("{FAE04EC0-301F-11D3-BF4B-00C04F79EFBC}") = "XamarinRFID.Windows", "XamarinRFID\XamarinRFID.Windows\XamarinRFID.Windows.csproj", "{40D41C73-654C-4EDC-A102-14BC8AE247D5}"
EndProject
Global
	GlobalSection(SolutionConfigurationPlatforms) = preSolution
		Ad-Hoc|Any CPU = Ad-Hoc|Any CPU
		Ad-Hoc|ARM = Ad-Hoc|ARM
		Ad-Hoc|iPhone = Ad-Hoc|iPhone
		Ad-Hoc|iPhoneSimulator = Ad-Hoc|iPhoneSimulator
		Ad-Hoc|x64 = Ad-Hoc|x64
		Ad-Hoc|x86 = Ad-Hoc|x86
		AppStore|Any CPU = AppStore|Any CPU
		AppStore|ARM = AppStore|ARM
		AppStore|iPhone = AppStore|iPhone
		AppStore|iPhoneSimulator = AppStore|iPhoneSimulator
		AppStore|x64 = AppStore|x64
		AppStore|x86 = AppStore|x86
		Debug|Any CPU = Debug|Any CPU
		Debug|ARM = Debug|ARM
		Debug|iPhone = Debug|iPhone
		Debug|iPhoneSimulator = Debug|iPhoneSimulator
		Debug|x64 = Debug|x64
		Debug|x86 = Debug|x86
		Release|Any CPU = Release|Any CPU
		Release|ARM = Release|ARM
		Release|iPhone = Release|iPhone
		Release|iPhoneSimulator = Release|iPhoneSimulator
		Release|x64 = Release|x64
		Release|x86 = Release|x86
	EndGlobalSection
	GlobalSection(ProjectConfigurationPlatforms) = postSolution
		{4FA995F9-E393-4385-9915-E2DBC1A03C28}.Ad-Hoc|Any CPU.ActiveCfg = Release|Any CPU
		{4FA995F9-E393-4385-9915-E2DBC1A03C28}.Ad-Hoc|Any CPU.Build.0 = Release|Any CPU
		{4FA995F9-E393-4385-9915-E2DBC1A03C28}.Ad-Hoc|ARM.ActiveCfg = Release|Any CPU
		{4FA995F9-E393-4385-9915-E2DBC1A03C28}.Ad-Hoc|ARM.Build.0 = Release|Any CPU
		{4FA995F9-E393-4385-9915-E2DBC1A03C28}.Ad-Hoc|iPhone.ActiveCfg = Release|Any CPU
		{4FA995F9-E393-4385-9915-E2DBC1A03C28}.Ad-Hoc|iPhone.Build.0 = Release|Any CPU
		{4FA995F9-E393-4385-9915-E2DBC1A03C28}.Ad-Hoc|iPhoneSimulator.ActiveCfg = Release|Any CPU
		{4FA995F9-E393-4385-9915-E2DBC1A03C28}.Ad-Hoc|iPhoneSimulator.Build.0 = Release|Any CPU
		{4FA995F9-E393-4385-9915-E2DBC1A03C28}.Ad-Hoc|x64.ActiveCfg = Release|Any CPU
		{4FA995F9-E393-4385-9915-E2DBC1A03C28}.Ad-Hoc|x64.Build.0 = Release|Any CPU
		{4FA995F9-E393-4385-9915-E2DBC1A03C28}.Ad-Hoc|x86.ActiveCfg = Release|Any CPU
		{4FA995F9-E393-4385-9915-E2DBC1A03C28}.Ad-Hoc|x86.Build.0 = Release|Any CPU
		{4FA995F9-E393-4385-9915-E2DBC1A03C28}.AppStore|Any CPU.ActiveCfg = Release|Any CPU
		{4FA995F9-E393-4385-9915-E2DBC1A03C28}.AppStore|Any CPU.Build.0 = Release|Any CPU
		{4FA995F9-E393-4385-9915-E2DBC1A03C28}.AppStore|ARM.ActiveCfg = Release|Any CPU
		{4FA995F9-E393-4385-9915-E2DBC1A03C28}.AppStore|ARM.Build.0 = Release|Any CPU
		{4FA995F9-E393-4385-9915-E2DBC1A03C28}.AppStore|iPhone.ActiveCfg = Release|Any CPU
		{4FA995F9-E393-4385-9915-E2DBC1A03C28}.AppStore|iPhone.Build.0 = Release|Any CPU
		{4FA995F9-E393-4385-9915-E2DBC1A03C28}.AppStore|iPhoneSimulator.ActiveCfg = Release|Any CPU
		{4FA995F9-E393-4385-9915-E2DBC1A03C28}.AppStore|iPhoneSimulator.Build.0 = Release|Any CPU
		{4FA995F9-E393-4385-9915-E2DBC1A03C28}.AppStore|x64.ActiveCfg = Release|Any CPU
		{4FA995F9-E393-4385-9915-E2DBC1A03C28}.AppStore|x64.Build.0 = Release|Any CPU
		{4FA995F9-E393-4385-9915-E2DBC1A03C28}.AppStore|x86.ActiveCfg = Release|Any CPU
		{4FA995F9-E393-4385-9915-E2DBC1A03C28}.AppStore|x86.Build.0 = Release|Any CPU
		{4FA995F9-E393-4385-9915-E2DBC1A03C28}.Debug|Any CPU.ActiveCfg = Debug|Any CPU
		{4FA995F9-E393-4385-9915-E2DBC1A03C28}.Debug|Any CPU.Build.0 = Debug|Any CPU
		{4FA995F9-E393-4385-9915-E2DBC1A03C28}.Debug|ARM.ActiveCfg = Debug|Any CPU
		{4FA995F9-E393-4385-9915-E2DBC1A03C28}.Debug|ARM.Build.0 = Debug|Any CPU
		{4FA995F9-E393-4385-9915-E2DBC1A03C28}.Debug|iPhone.ActiveCfg = Debug|Any CPU
		{4FA995F9-E393-4385-9915-E2DBC1A03C28}.Debug|iPhone.Build.0 = Debug|Any CPU
		{4FA995F9-E393-4385-9915-E2DBC1A03C28}.Debug|iPhoneSimulator.ActiveCfg = Debug|Any CPU
		{4FA995F9-E393-4385-9915-E2DBC1A03C28}.Debug|iPhoneSimulator.Build.0 = Debug|Any CPU
		{4FA995F9-E393-4385-9915-E2DBC1A03C28}.Debug|x64.ActiveCfg = Debug|Any CPU
		{4FA995F9-E393-4385-9915-E2DBC1A03C28}.Debug|x64.Build.0 = Debug|Any CPU
		{4FA995F9-E393-4385-9915-E2DBC1A03C28}.Debug|x86.ActiveCfg = Debug|Any CPU
		{4FA995F9-E393-4385-9915-E2DBC1A03C28}.Debug|x86.Build.0 = Debug|Any CPU
		{4FA995F9-E393-4385-9915-E2DBC1A03C28}.Release|Any CPU.ActiveCfg = Release|Any CPU
		{4FA995F9-E393-4385-9915-E2DBC1A03C28}.Release|Any CPU.Build.0 = Release|Any CPU
		{4FA995F9-E393-4385-9915-E2DBC1A03C28}.Release|ARM.ActiveCfg = Release|Any CPU
		{4FA995F9-E393-4385-9915-E2DBC1A03C28}.Release|ARM.Build.0 = Release|Any CPU
		{4FA995F9-E393-4385-9915-E2DBC1A03C28}.Release|iPhone.ActiveCfg = Release|Any CPU
		{4FA995F9-E393-4385-9915-E2DBC1A03C28}.Release|iPhone.Build.0 = Release|Any CPU
		{4FA995F9-E393-4385-9915-E2DBC1A03C28}.Release|iPhoneSimulator.ActiveCfg = Release|Any CPU
		{4FA995F9-E393-4385-9915-E2DBC1A03C28}.Release|iPhoneSimulator.Build.0 = Release|Any CPU
		{4FA995F9-E393-4385-9915-E2DBC1A03C28}.Release|x64.ActiveCfg = Release|Any CPU
		{4FA995F9-E393-4385-9915-E2DBC1A03C28}.Release|x64.Build.0 = Release|Any CPU
		{4FA995F9-E393-4385-9915-E2DBC1A03C28}.Release|x86.ActiveCfg = Release|Any CPU
		{4FA995F9-E393-4385-9915-E2DBC1A03C28}.Release|x86.Build.0 = Release|Any CPU
		{5441BF3C-5DA9-49E6-A7F9-E667A8F30535}.Ad-Hoc|Any CPU.ActiveCfg = Release|Any CPU
		{5441BF3C-5DA9-49E6-A7F9-E667A8F30535}.Ad-Hoc|Any CPU.Build.0 = Release|Any CPU
		{5441BF3C-5DA9-49E6-A7F9-E667A8F30535}.Ad-Hoc|Any CPU.Deploy.0 = Release|Any CPU
		{5441BF3C-5DA9-49E6-A7F9-E667A8F30535}.Ad-Hoc|ARM.ActiveCfg = Release|Any CPU
		{5441BF3C-5DA9-49E6-A7F9-E667A8F30535}.Ad-Hoc|ARM.Build.0 = Release|Any CPU
		{5441BF3C-5DA9-49E6-A7F9-E667A8F30535}.Ad-Hoc|ARM.Deploy.0 = Release|Any CPU
		{5441BF3C-5DA9-49E6-A7F9-E667A8F30535}.Ad-Hoc|iPhone.ActiveCfg = Release|Any CPU
		{5441BF3C-5DA9-49E6-A7F9-E667A8F30535}.Ad-Hoc|iPhone.Build.0 = Release|Any CPU
		{5441BF3C-5DA9-49E6-A7F9-E667A8F30535}.Ad-Hoc|iPhone.Deploy.0 = Release|Any CPU
		{5441BF3C-5DA9-49E6-A7F9-E667A8F30535}.Ad-Hoc|iPhoneSimulator.ActiveCfg = Release|Any CPU
		{5441BF3C-5DA9-49E6-A7F9-E667A8F30535}.Ad-Hoc|iPhoneSimulator.Build.0 = Release|Any CPU
		{5441BF3C-5DA9-49E6-A7F9-E667A8F30535}.Ad-Hoc|iPhoneSimulator.Deploy.0 = Release|Any CPU
		{5441BF3C-5DA9-49E6-A7F9-E667A8F30535}.Ad-Hoc|x64.ActiveCfg = Release|Any CPU
		{5441BF3C-5DA9-49E6-A7F9-E667A8F30535}.Ad-Hoc|x64.Build.0 = Release|Any CPU
		{5441BF3C-5DA9-49E6-A7F9-E667A8F30535}.Ad-Hoc|x64.Deploy.0 = Release|Any CPU
		{5441BF3C-5DA9-49E6-A7F9-E667A8F30535}.Ad-Hoc|x86.ActiveCfg = Release|Any CPU
		{5441BF3C-5DA9-49E6-A7F9-E667A8F30535}.Ad-Hoc|x86.Build.0 = Release|Any CPU
		{5441BF3C-5DA9-49E6-A7F9-E667A8F30535}.Ad-Hoc|x86.Deploy.0 = Release|Any CPU
		{5441BF3C-5DA9-49E6-A7F9-E667A8F30535}.AppStore|Any CPU.ActiveCfg = Release|Any CPU
		{5441BF3C-5DA9-49E6-A7F9-E667A8F30535}.AppStore|Any CPU.Build.0 = Release|Any CPU
		{5441BF3C-5DA9-49E6-A7F9-E667A8F30535}.AppStore|Any CPU.Deploy.0 = Release|Any CPU
		{5441BF3C-5DA9-49E6-A7F9-E667A8F30535}.AppStore|ARM.ActiveCfg = Release|Any CPU
		{5441BF3C-5DA9-49E6-A7F9-E667A8F30535}.AppStore|ARM.Build.0 = Release|Any CPU
		{5441BF3C-5DA9-49E6-A7F9-E667A8F30535}.AppStore|ARM.Deploy.0 = Release|Any CPU
		{5441BF3C-5DA9-49E6-A7F9-E667A8F30535}.AppStore|iPhone.ActiveCfg = Release|Any CPU
		{5441BF3C-5DA9-49E6-A7F9-E667A8F30535}.AppStore|iPhone.Build.0 = Release|Any CPU
		{5441BF3C-5DA9-49E6-A7F9-E667A8F30535}.AppStore|iPhone.Deploy.0 = Release|Any CPU
		{5441BF3C-5DA9-49E6-A7F9-E667A8F30535}.AppStore|iPhoneSimulator.ActiveCfg = Release|Any CPU
		{5441BF3C-5DA9-49E6-A7F9-E667A8F30535}.AppStore|iPhoneSimulator.Build.0 = Release|Any CPU
		{5441BF3C-5DA9-49E6-A7F9-E667A8F30535}.AppStore|iPhoneSimulator.Deploy.0 = Release|Any CPU
		{5441BF3C-5DA9-49E6-A7F9-E667A8F30535}.AppStore|x64.ActiveCfg = Release|Any CPU
		{5441BF3C-5DA9-49E6-A7F9-E667A8F30535}.AppStore|x64.Build.0 = Release|Any CPU
		{5441BF3C-5DA9-49E6-A7F9-E667A8F30535}.AppStore|x64.Deploy.0 = Release|Any CPU
		{5441BF3C-5DA9-49E6-A7F9-E667A8F30535}.AppStore|x86.ActiveCfg = Release|Any CPU
		{5441BF3C-5DA9-49E6-A7F9-E667A8F30535}.AppStore|x86.Build.0 = Release|Any CPU
		{5441BF3C-5DA9-49E6-A7F9-E667A8F30535}.AppStore|x86.Deploy.0 = Release|Any CPU
		{5441BF3C-5DA9-49E6-A7F9-E667A8F30535}.Debug|Any CPU.ActiveCfg = Debug|Any CPU
		{5441BF3C-5DA9-49E6-A7F9-E667A8F30535}.Debug|Any CPU.Build.0 = Debug|Any CPU
		{5441BF3C-5DA9-49E6-A7F9-E667A8F30535}.Debug|Any CPU.Deploy.0 = Debug|Any CPU
		{5441BF3C-5DA9-49E6-A7F9-E667A8F30535}.Debug|ARM.ActiveCfg = Debug|Any CPU
		{5441BF3C-5DA9-49E6-A7F9-E667A8F30535}.Debug|ARM.Build.0 = Debug|Any CPU
		{5441BF3C-5DA9-49E6-A7F9-E667A8F30535}.Debug|ARM.Deploy.0 = Debug|Any CPU
		{5441BF3C-5DA9-49E6-A7F9-E667A8F30535}.Debug|iPhone.ActiveCfg = Debug|Any CPU
		{5441BF3C-5DA9-49E6-A7F9-E667A8F30535}.Debug|iPhone.Build.0 = Debug|Any CPU
		{5441BF3C-5DA9-49E6-A7F9-E667A8F30535}.Debug|iPhone.Deploy.0 = Debug|Any CPU
		{5441BF3C-5DA9-49E6-A7F9-E667A8F30535}.Debug|iPhoneSimulator.ActiveCfg = Debug|Any CPU
		{5441BF3C-5DA9-49E6-A7F9-E667A8F30535}.Debug|iPhoneSimulator.Build.0 = Debug|Any CPU
		{5441BF3C-5DA9-49E6-A7F9-E667A8F30535}.Debug|iPhoneSimulator.Deploy.0 = Debug|Any CPU
		{5441BF3C-5DA9-49E6-A7F9-E667A8F30535}.Debug|x64.ActiveCfg = Debug|Any CPU
		{5441BF3C-5DA9-49E6-A7F9-E667A8F30535}.Debug|x64.Build.0 = Debug|Any CPU
		{5441BF3C-5DA9-49E6-A7F9-E667A8F30535}.Debug|x64.Deploy.0 = Debug|Any CPU
		{5441BF3C-5DA9-49E6-A7F9-E667A8F30535}.Debug|x86.ActiveCfg = Debug|Any CPU
		{5441BF3C-5DA9-49E6-A7F9-E667A8F30535}.Debug|x86.Build.0 = Debug|Any CPU
		{5441BF3C-5DA9-49E6-A7F9-E667A8F30535}.Debug|x86.Deploy.0 = Debug|Any CPU
		{5441BF3C-5DA9-49E6-A7F9-E667A8F30535}.Release|Any CPU.ActiveCfg = Release|Any CPU
		{5441BF3C-5DA9-49E6-A7F9-E667A8F30535}.Release|Any CPU.Build.0 = Release|Any CPU
		{5441BF3C-5DA9-49E6-A7F9-E667A8F30535}.Release|Any CPU.Deploy.0 = Release|Any CPU
		{5441BF3C-5DA9-49E6-A7F9-E667A8F30535}.Release|ARM.ActiveCfg = Release|Any CPU
		{5441BF3C-5DA9-49E6-A7F9-E667A8F30535}.Release|ARM.Build.0 = Release|Any CPU
		{5441BF3C-5DA9-49E6-A7F9-E667A8F30535}.Release|ARM.Deploy.0 = Release|Any CPU
		{5441BF3C-5DA9-49E6-A7F9-E667A8F30535}.Release|iPhone.ActiveCfg = Release|Any CPU
		{5441BF3C-5DA9-49E6-A7F9-E667A8F30535}.Release|iPhone.Build.0 = Release|Any CPU
		{5441BF3C-5DA9-49E6-A7F9-E667A8F30535}.Release|iPhone.Deploy.0 = Release|Any CPU
		{5441BF3C-5DA9-49E6-A7F9-E667A8F30535}.Release|iPhoneSimulator.ActiveCfg = Release|Any CPU
		{5441BF3C-5DA9-49E6-A7F9-E667A8F30535}.Release|iPhoneSimulator.Build.0 = Release|Any CPU
		{5441BF3C-5DA9-49E6-A7F9-E667A8F30535}.Release|iPhoneSimulator.Deploy.0 = Release|Any CPU
		{5441BF3C-5DA9-49E6-A7F9-E667A8F30535}.Release|x64.ActiveCfg = Release|Any CPU
		{5441BF3C-5DA9-49E6-A7F9-E667A8F30535}.Release|x64.Build.0 = Release|Any CPU
		{5441BF3C-5DA9-49E6-A7F9-E667A8F30535}.Release|x64.Deploy.0 = Release|Any CPU
		{5441BF3C-5DA9-49E6-A7F9-E667A8F30535}.Release|x86.ActiveCfg = Release|Any CPU
		{5441BF3C-5DA9-49E6-A7F9-E667A8F30535}.Release|x86.Build.0 = Release|Any CPU
		{5441BF3C-5DA9-49E6-A7F9-E667A8F30535}.Release|x86.Deploy.0 = Release|Any CPU
		{C8BB99FD-47B5-40D4-A189-FD8ECCD23276}.Ad-Hoc|Any CPU.ActiveCfg = Ad-Hoc|iPhone
		{C8BB99FD-47B5-40D4-A189-FD8ECCD23276}.Ad-Hoc|ARM.ActiveCfg = Ad-Hoc|iPhone
		{C8BB99FD-47B5-40D4-A189-FD8ECCD23276}.Ad-Hoc|iPhone.ActiveCfg = Ad-Hoc|iPhone
		{C8BB99FD-47B5-40D4-A189-FD8ECCD23276}.Ad-Hoc|iPhone.Build.0 = Ad-Hoc|iPhone
		{C8BB99FD-47B5-40D4-A189-FD8ECCD23276}.Ad-Hoc|iPhoneSimulator.ActiveCfg = Ad-Hoc|iPhoneSimulator
		{C8BB99FD-47B5-40D4-A189-FD8ECCD23276}.Ad-Hoc|iPhoneSimulator.Build.0 = Ad-Hoc|iPhoneSimulator
		{C8BB99FD-47B5-40D4-A189-FD8ECCD23276}.Ad-Hoc|x64.ActiveCfg = Ad-Hoc|iPhone
		{C8BB99FD-47B5-40D4-A189-FD8ECCD23276}.Ad-Hoc|x86.ActiveCfg = Ad-Hoc|iPhone
		{C8BB99FD-47B5-40D4-A189-FD8ECCD23276}.AppStore|Any CPU.ActiveCfg = AppStore|iPhone
		{C8BB99FD-47B5-40D4-A189-FD8ECCD23276}.AppStore|ARM.ActiveCfg = AppStore|iPhone
		{C8BB99FD-47B5-40D4-A189-FD8ECCD23276}.AppStore|iPhone.ActiveCfg = AppStore|iPhone
		{C8BB99FD-47B5-40D4-A189-FD8ECCD23276}.AppStore|iPhone.Build.0 = AppStore|iPhone
		{C8BB99FD-47B5-40D4-A189-FD8ECCD23276}.AppStore|iPhoneSimulator.ActiveCfg = AppStore|iPhoneSimulator
		{C8BB99FD-47B5-40D4-A189-FD8ECCD23276}.AppStore|iPhoneSimulator.Build.0 = AppStore|iPhoneSimulator
		{C8BB99FD-47B5-40D4-A189-FD8ECCD23276}.AppStore|x64.ActiveCfg = AppStore|iPhone
		{C8BB99FD-47B5-40D4-A189-FD8ECCD23276}.AppStore|x86.ActiveCfg = AppStore|iPhone
		{C8BB99FD-47B5-40D4-A189-FD8ECCD23276}.Debug|Any CPU.ActiveCfg = Debug|iPhone
		{C8BB99FD-47B5-40D4-A189-FD8ECCD23276}.Debug|ARM.ActiveCfg = Debug|iPhone
		{C8BB99FD-47B5-40D4-A189-FD8ECCD23276}.Debug|iPhone.ActiveCfg = Debug|iPhone
		{C8BB99FD-47B5-40D4-A189-FD8ECCD23276}.Debug|iPhone.Build.0 = Debug|iPhone
		{C8BB99FD-47B5-40D4-A189-FD8ECCD23276}.Debug|iPhoneSimulator.ActiveCfg = Debug|iPhoneSimulator
		{C8BB99FD-47B5-40D4-A189-FD8ECCD23276}.Debug|iPhoneSimulator.Build.0 = Debug|iPhoneSimulator
		{C8BB99FD-47B5-40D4-A189-FD8ECCD23276}.Debug|x64.ActiveCfg = Debug|iPhone
		{C8BB99FD-47B5-40D4-A189-FD8ECCD23276}.Debug|x86.ActiveCfg = Debug|iPhone
		{C8BB99FD-47B5-40D4-A189-FD8ECCD23276}.Release|Any CPU.ActiveCfg = Release|iPhone
		{C8BB99FD-47B5-40D4-A189-FD8ECCD23276}.Release|ARM.ActiveCfg = Release|iPhone
		{C8BB99FD-47B5-40D4-A189-FD8ECCD23276}.Release|iPhone.ActiveCfg = Release|iPhone
		{C8BB99FD-47B5-40D4-A189-FD8ECCD23276}.Release|iPhone.Build.0 = Release|iPhone
		{C8BB99FD-47B5-40D4-A189-FD8ECCD23276}.Release|iPhoneSimulator.ActiveCfg = Release|iPhoneSimulator
		{C8BB99FD-47B5-40D4-A189-FD8ECCD23276}.Release|iPhoneSimulator.Build.0 = Release|iPhoneSimulator
		{C8BB99FD-47B5-40D4-A189-FD8ECCD23276}.Release|x64.ActiveCfg = Release|iPhone
		{C8BB99FD-47B5-40D4-A189-FD8ECCD23276}.Release|x86.ActiveCfg = Release|iPhone
		{5A188689-7E2F-41F7-B1BC-0FD0543D4CA9}.Ad-Hoc|Any CPU.ActiveCfg = Release|Any CPU
		{5A188689-7E2F-41F7-B1BC-0FD0543D4CA9}.Ad-Hoc|Any CPU.Build.0 = Release|Any CPU
		{5A188689-7E2F-41F7-B1BC-0FD0543D4CA9}.Ad-Hoc|Any CPU.Deploy.0 = Release|Any CPU
		{5A188689-7E2F-41F7-B1BC-0FD0543D4CA9}.Ad-Hoc|ARM.ActiveCfg = Release|ARM
		{5A188689-7E2F-41F7-B1BC-0FD0543D4CA9}.Ad-Hoc|ARM.Build.0 = Release|ARM
		{5A188689-7E2F-41F7-B1BC-0FD0543D4CA9}.Ad-Hoc|ARM.Deploy.0 = Release|ARM
		{5A188689-7E2F-41F7-B1BC-0FD0543D4CA9}.Ad-Hoc|iPhone.ActiveCfg = Release|Any CPU
		{5A188689-7E2F-41F7-B1BC-0FD0543D4CA9}.Ad-Hoc|iPhone.Build.0 = Release|Any CPU
		{5A188689-7E2F-41F7-B1BC-0FD0543D4CA9}.Ad-Hoc|iPhone.Deploy.0 = Release|Any CPU
		{5A188689-7E2F-41F7-B1BC-0FD0543D4CA9}.Ad-Hoc|iPhoneSimulator.ActiveCfg = Release|Any CPU
		{5A188689-7E2F-41F7-B1BC-0FD0543D4CA9}.Ad-Hoc|iPhoneSimulator.Build.0 = Release|Any CPU
		{5A188689-7E2F-41F7-B1BC-0FD0543D4CA9}.Ad-Hoc|iPhoneSimulator.Deploy.0 = Release|Any CPU
		{5A188689-7E2F-41F7-B1BC-0FD0543D4CA9}.Ad-Hoc|x64.ActiveCfg = Release|Any CPU
		{5A188689-7E2F-41F7-B1BC-0FD0543D4CA9}.Ad-Hoc|x64.Build.0 = Release|Any CPU
		{5A188689-7E2F-41F7-B1BC-0FD0543D4CA9}.Ad-Hoc|x64.Deploy.0 = Release|Any CPU
		{5A188689-7E2F-41F7-B1BC-0FD0543D4CA9}.Ad-Hoc|x86.ActiveCfg = Release|x86
		{5A188689-7E2F-41F7-B1BC-0FD0543D4CA9}.Ad-Hoc|x86.Build.0 = Release|x86
		{5A188689-7E2F-41F7-B1BC-0FD0543D4CA9}.Ad-Hoc|x86.Deploy.0 = Release|x86
		{5A188689-7E2F-41F7-B1BC-0FD0543D4CA9}.AppStore|Any CPU.ActiveCfg = Release|Any CPU
		{5A188689-7E2F-41F7-B1BC-0FD0543D4CA9}.AppStore|Any CPU.Build.0 = Release|Any CPU
		{5A188689-7E2F-41F7-B1BC-0FD0543D4CA9}.AppStore|Any CPU.Deploy.0 = Release|Any CPU
		{5A188689-7E2F-41F7-B1BC-0FD0543D4CA9}.AppStore|ARM.ActiveCfg = Release|ARM
		{5A188689-7E2F-41F7-B1BC-0FD0543D4CA9}.AppStore|ARM.Build.0 = Release|ARM
		{5A188689-7E2F-41F7-B1BC-0FD0543D4CA9}.AppStore|ARM.Deploy.0 = Release|ARM
		{5A188689-7E2F-41F7-B1BC-0FD0543D4CA9}.AppStore|iPhone.ActiveCfg = Release|Any CPU
		{5A188689-7E2F-41F7-B1BC-0FD0543D4CA9}.AppStore|iPhone.Build.0 = Release|Any CPU
		{5A188689-7E2F-41F7-B1BC-0FD0543D4CA9}.AppStore|iPhone.Deploy.0 = Release|Any CPU
		{5A188689-7E2F-41F7-B1BC-0FD0543D4CA9}.AppStore|iPhoneSimulator.ActiveCfg = Release|Any CPU
		{5A188689-7E2F-41F7-B1BC-0FD0543D4CA9}.AppStore|iPhoneSimulator.Build.0 = Release|Any CPU
		{5A188689-7E2F-41F7-B1BC-0FD0543D4CA9}.AppStore|iPhoneSimulator.Deploy.0 = Release|Any CPU
		{5A188689-7E2F-41F7-B1BC-0FD0543D4CA9}.AppStore|x64.ActiveCfg = Release|Any CPU
		{5A188689-7E2F-41F7-B1BC-0FD0543D4CA9}.AppStore|x64.Build.0 = Release|Any CPU
		{5A188689-7E2F-41F7-B1BC-0FD0543D4CA9}.AppStore|x64.Deploy.0 = Release|Any CPU
		{5A188689-7E2F-41F7-B1BC-0FD0543D4CA9}.AppStore|x86.ActiveCfg = Release|x86
		{5A188689-7E2F-41F7-B1BC-0FD0543D4CA9}.AppStore|x86.Build.0 = Release|x86
		{5A188689-7E2F-41F7-B1BC-0FD0543D4CA9}.AppStore|x86.Deploy.0 = Release|x86
		{5A188689-7E2F-41F7-B1BC-0FD0543D4CA9}.Debug|Any CPU.ActiveCfg = Debug|Any CPU
		{5A188689-7E2F-41F7-B1BC-0FD0543D4CA9}.Debug|Any CPU.Build.0 = Debug|Any CPU
		{5A188689-7E2F-41F7-B1BC-0FD0543D4CA9}.Debug|Any CPU.Deploy.0 = Debug|Any CPU
		{5A188689-7E2F-41F7-B1BC-0FD0543D4CA9}.Debug|ARM.ActiveCfg = Debug|ARM
		{5A188689-7E2F-41F7-B1BC-0FD0543D4CA9}.Debug|ARM.Build.0 = Debug|ARM
		{5A188689-7E2F-41F7-B1BC-0FD0543D4CA9}.Debug|ARM.Deploy.0 = Debug|ARM
		{5A188689-7E2F-41F7-B1BC-0FD0543D4CA9}.Debug|iPhone.ActiveCfg = Debug|Any CPU
		{5A188689-7E2F-41F7-B1BC-0FD0543D4CA9}.Debug|iPhone.Build.0 = Debug|Any CPU
		{5A188689-7E2F-41F7-B1BC-0FD0543D4CA9}.Debug|iPhone.Deploy.0 = Debug|Any CPU
		{5A188689-7E2F-41F7-B1BC-0FD0543D4CA9}.Debug|iPhoneSimulator.ActiveCfg = Debug|Any CPU
		{5A188689-7E2F-41F7-B1BC-0FD0543D4CA9}.Debug|iPhoneSimulator.Build.0 = Debug|Any CPU
		{5A188689-7E2F-41F7-B1BC-0FD0543D4CA9}.Debug|iPhoneSimulator.Deploy.0 = Debug|Any CPU
		{5A188689-7E2F-41F7-B1BC-0FD0543D4CA9}.Debug|x64.ActiveCfg = Debug|Any CPU
		{5A188689-7E2F-41F7-B1BC-0FD0543D4CA9}.Debug|x64.Build.0 = Debug|Any CPU
		{5A188689-7E2F-41F7-B1BC-0FD0543D4CA9}.Debug|x64.Deploy.0 = Debug|Any CPU
		{5A188689-7E2F-41F7-B1BC-0FD0543D4CA9}.Debug|x86.ActiveCfg = Debug|x86
		{5A188689-7E2F-41F7-B1BC-0FD0543D4CA9}.Debug|x86.Build.0 = Debug|x86
		{5A188689-7E2F-41F7-B1BC-0FD0543D4CA9}.Debug|x86.Deploy.0 = Debug|x86
		{5A188689-7E2F-41F7-B1BC-0FD0543D4CA9}.Release|Any CPU.ActiveCfg = Release|Any CPU
		{5A188689-7E2F-41F7-B1BC-0FD0543D4CA9}.Release|Any CPU.Build.0 = Release|Any CPU
		{5A188689-7E2F-41F7-B1BC-0FD0543D4CA9}.Release|Any CPU.Deploy.0 = Release|Any CPU
		{5A188689-7E2F-41F7-B1BC-0FD0543D4CA9}.Release|ARM.ActiveCfg = Release|ARM
		{5A188689-7E2F-41F7-B1BC-0FD0543D4CA9}.Release|ARM.Build.0 = Release|ARM
		{5A188689-7E2F-41F7-B1BC-0FD0543D4CA9}.Release|ARM.Deploy.0 = Release|ARM
		{5A188689-7E2F-41F7-B1BC-0FD0543D4CA9}.Release|iPhone.ActiveCfg = Release|Any CPU
		{5A188689-7E2F-41F7-B1BC-0FD0543D4CA9}.Release|iPhone.Build.0 = Release|Any CPU
		{5A188689-7E2F-41F7-B1BC-0FD0543D4CA9}.Release|iPhone.Deploy.0 = Release|Any CPU
		{5A188689-7E2F-41F7-B1BC-0FD0543D4CA9}.Release|iPhoneSimulator.ActiveCfg = Release|Any CPU
		{5A188689-7E2F-41F7-B1BC-0FD0543D4CA9}.Release|iPhoneSimulator.Build.0 = Release|Any CPU
		{5A188689-7E2F-41F7-B1BC-0FD0543D4CA9}.Release|iPhoneSimulator.Deploy.0 = Release|Any CPU
		{5A188689-7E2F-41F7-B1BC-0FD0543D4CA9}.Release|x64.ActiveCfg = Release|Any CPU
		{5A188689-7E2F-41F7-B1BC-0FD0543D4CA9}.Release|x64.Build.0 = Release|Any CPU
		{5A188689-7E2F-41F7-B1BC-0FD0543D4CA9}.Release|x64.Deploy.0 = Release|Any CPU
		{5A188689-7E2F-41F7-B1BC-0FD0543D4CA9}.Release|x86.ActiveCfg = Release|x86
		{5A188689-7E2F-41F7-B1BC-0FD0543D4CA9}.Release|x86.Build.0 = Release|x86
		{5A188689-7E2F-41F7-B1BC-0FD0543D4CA9}.Release|x86.Deploy.0 = Release|x86
		{40D41C73-654C-4EDC-A102-14BC8AE247D5}.Ad-Hoc|Any CPU.ActiveCfg = Release|Any CPU
		{40D41C73-654C-4EDC-A102-14BC8AE247D5}.Ad-Hoc|Any CPU.Build.0 = Release|Any CPU
		{40D41C73-654C-4EDC-A102-14BC8AE247D5}.Ad-Hoc|Any CPU.Deploy.0 = Release|Any CPU
		{40D41C73-654C-4EDC-A102-14BC8AE247D5}.Ad-Hoc|ARM.ActiveCfg = Release|ARM
		{40D41C73-654C-4EDC-A102-14BC8AE247D5}.Ad-Hoc|ARM.Build.0 = Release|ARM
		{40D41C73-654C-4EDC-A102-14BC8AE247D5}.Ad-Hoc|ARM.Deploy.0 = Release|ARM
		{40D41C73-654C-4EDC-A102-14BC8AE247D5}.Ad-Hoc|iPhone.ActiveCfg = Release|Any CPU
		{40D41C73-654C-4EDC-A102-14BC8AE247D5}.Ad-Hoc|iPhone.Build.0 = Release|Any CPU
		{40D41C73-654C-4EDC-A102-14BC8AE247D5}.Ad-Hoc|iPhone.Deploy.0 = Release|Any CPU
		{40D41C73-654C-4EDC-A102-14BC8AE247D5}.Ad-Hoc|iPhoneSimulator.ActiveCfg = Release|Any CPU
		{40D41C73-654C-4EDC-A102-14BC8AE247D5}.Ad-Hoc|iPhoneSimulator.Build.0 = Release|Any CPU
		{40D41C73-654C-4EDC-A102-14BC8AE247D5}.Ad-Hoc|iPhoneSimulator.Deploy.0 = Release|Any CPU
		{40D41C73-654C-4EDC-A102-14BC8AE247D5}.Ad-Hoc|x64.ActiveCfg = Release|x64
		{40D41C73-654C-4EDC-A102-14BC8AE247D5}.Ad-Hoc|x64.Build.0 = Release|x64
		{40D41C73-654C-4EDC-A102-14BC8AE247D5}.Ad-Hoc|x64.Deploy.0 = Release|x64
		{40D41C73-654C-4EDC-A102-14BC8AE247D5}.Ad-Hoc|x86.ActiveCfg = Release|x86
		{40D41C73-654C-4EDC-A102-14BC8AE247D5}.Ad-Hoc|x86.Build.0 = Release|x86
		{40D41C73-654C-4EDC-A102-14BC8AE247D5}.Ad-Hoc|x86.Deploy.0 = Release|x86
		{40D41C73-654C-4EDC-A102-14BC8AE247D5}.AppStore|Any CPU.ActiveCfg = Release|Any CPU
		{40D41C73-654C-4EDC-A102-14BC8AE247D5}.AppStore|Any CPU.Build.0 = Release|Any CPU
		{40D41C73-654C-4EDC-A102-14BC8AE247D5}.AppStore|Any CPU.Deploy.0 = Release|Any CPU
		{40D41C73-654C-4EDC-A102-14BC8AE247D5}.AppStore|ARM.ActiveCfg = Release|ARM
		{40D41C73-654C-4EDC-A102-14BC8AE247D5}.AppStore|ARM.Build.0 = Release|ARM
		{40D41C73-654C-4EDC-A102-14BC8AE247D5}.AppStore|ARM.Deploy.0 = Release|ARM
		{40D41C73-654C-4EDC-A102-14BC8AE247D5}.AppStore|iPhone.ActiveCfg = Release|Any CPU
		{40D41C73-654C-4EDC-A102-14BC8AE247D5}.AppStore|iPhone.Build.0 = Release|Any CPU
		{40D41C73-654C-4EDC-A102-14BC8AE247D5}.AppStore|iPhone.Deploy.0 = Release|Any CPU
		{40D41C73-654C-4EDC-A102-14BC8AE247D5}.AppStore|iPhoneSimulator.ActiveCfg = Release|Any CPU
		{40D41C73-654C-4EDC-A102-14BC8AE247D5}.AppStore|iPhoneSimulator.Build.0 = Release|Any CPU
		{40D41C73-654C-4EDC-A102-14BC8AE247D5}.AppStore|iPhoneSimulator.Deploy.0 = Release|Any CPU
		{40D41C73-654C-4EDC-A102-14BC8AE247D5}.AppStore|x64.ActiveCfg = Release|x64
		{40D41C73-654C-4EDC-A102-14BC8AE247D5}.AppStore|x64.Build.0 = Release|x64
		{40D41C73-654C-4EDC-A102-14BC8AE247D5}.AppStore|x64.Deploy.0 = Release|x64
		{40D41C73-654C-4EDC-A102-14BC8AE247D5}.AppStore|x86.ActiveCfg = Release|x86
		{40D41C73-654C-4EDC-A102-14BC8AE247D5}.AppStore|x86.Build.0 = Release|x86
		{40D41C73-654C-4EDC-A102-14BC8AE247D5}.AppStore|x86.Deploy.0 = Release|x86
		{40D41C73-654C-4EDC-A102-14BC8AE247D5}.Debug|Any CPU.ActiveCfg = Debug|Any CPU
		{40D41C73-654C-4EDC-A102-14BC8AE247D5}.Debug|Any CPU.Build.0 = Debug|Any CPU
		{40D41C73-654C-4EDC-A102-14BC8AE247D5}.Debug|Any CPU.Deploy.0 = Debug|Any CPU
		{40D41C73-654C-4EDC-A102-14BC8AE247D5}.Debug|ARM.ActiveCfg = Debug|ARM
		{40D41C73-654C-4EDC-A102-14BC8AE247D5}.Debug|ARM.Build.0 = Debug|ARM
		{40D41C73-654C-4EDC-A102-14BC8AE247D5}.Debug|ARM.Deploy.0 = Debug|ARM
		{40D41C73-654C-4EDC-A102-14BC8AE247D5}.Debug|iPhone.ActiveCfg = Debug|Any CPU
		{40D41C73-654C-4EDC-A102-14BC8AE247D5}.Debug|iPhone.Build.0 = Debug|Any CPU
		{40D41C73-654C-4EDC-A102-14BC8AE247D5}.Debug|iPhone.Deploy.0 = Debug|Any CPU
		{40D41C73-654C-4EDC-A102-14BC8AE247D5}.Debug|iPhoneSimulator.ActiveCfg = Debug|Any CPU
		{40D41C73-654C-4EDC-A102-14BC8AE247D5}.Debug|iPhoneSimulator.Build.0 = Debug|Any CPU
		{40D41C73-654C-4EDC-A102-14BC8AE247D5}.Debug|iPhoneSimulator.Deploy.0 = Debug|Any CPU
		{40D41C73-654C-4EDC-A102-14BC8AE247D5}.Debug|x64.ActiveCfg = Debug|x64
		{40D41C73-654C-4EDC-A102-14BC8AE247D5}.Debug|x64.Build.0 = Debug|x64
		{40D41C73-654C-4EDC-A102-14BC8AE247D5}.Debug|x64.Deploy.0 = Debug|x64
		{40D41C73-654C-4EDC-A102-14BC8AE247D5}.Debug|x86.ActiveCfg = Debug|x86
		{40D41C73-654C-4EDC-A102-14BC8AE247D5}.Debug|x86.Build.0 = Debug|x86
		{40D41C73-654C-4EDC-A102-14BC8AE247D5}.Debug|x86.Deploy.0 = Debug|x86
		{40D41C73-654C-4EDC-A102-14BC8AE247D5}.Release|Any CPU.ActiveCfg = Release|Any CPU
		{40D41C73-654C-4EDC-A102-14BC8AE247D5}.Release|Any CPU.Build.0 = Release|Any CPU
		{40D41C73-654C-4EDC-A102-14BC8AE247D5}.Release|Any CPU.Deploy.0 = Release|Any CPU
		{40D41C73-654C-4EDC-A102-14BC8AE247D5}.Release|ARM.ActiveCfg = Release|ARM
		{40D41C73-654C-4EDC-A102-14BC8AE247D5}.Release|ARM.Build.0 = Release|ARM
		{40D41C73-654C-4EDC-A102-14BC8AE247D5}.Release|ARM.Deploy.0 = Release|ARM
		{40D41C73-654C-4EDC-A102-14BC8AE247D5}.Release|iPhone.ActiveCfg = Release|Any CPU
		{40D41C73-654C-4EDC-A102-14BC8AE247D5}.Release|iPhone.Build.0 = Release|Any CPU
		{40D41C73-654C-4EDC-A102-14BC8AE247D5}.Release|iPhone.Deploy.0 = Release|Any CPU
		{40D41C73-654C-4EDC-A102-14BC8AE247D5}.Release|iPhoneSimulator.ActiveCfg = Release|Any CPU
		{40D41C73-654C-4EDC-A102-14BC8AE247D5}.Release|iPhoneSimulator.Build.0 = Release|Any CPU
		{40D41C73-654C-4EDC-A102-14BC8AE247D5}.Release|iPhoneSimulator.Deploy.0 = Release|Any CPU
		{40D41C73-654C-4EDC-A102-14BC8AE247D5}.Release|x64.ActiveCfg = Release|x64
		{40D41C73-654C-4EDC-A102-14BC8AE247D5}.Release|x64.Build.0 = Release|x64
		{40D41C73-654C-4EDC-A102-14BC8AE247D5}.Release|x64.Deploy.0 = Release|x64
		{40D41C73-654C-4EDC-A102-14BC8AE247D5}.Release|x86.ActiveCfg = Release|x86
		{40D41C73-654C-4EDC-A102-14BC8AE247D5}.Release|x86.Build.0 = Release|x86
		{40D41C73-654C-4EDC-A102-14BC8AE247D5}.Release|x86.Deploy.0 = Release|x86
	EndGlobalSection
	GlobalSection(SolutionProperties) = preSolution
		HideSolutionNode = FALSE
	EndGlobalSection
EndGlobal
